<?xml version="1.0" encoding="utf-8"?>
<Project ToolsVersion="4.0" xmlns="http://schemas.microsoft.com/developer/msbuild/2003">
  <ItemGroup>
    <ClCompile Include="osversion.cpp" />
    <ClCompile Include="stdafx.cpp" />
    <ClCompile Include="string.cpp" />
    <ClCompile Include="thread.cpp" />
  </ItemGroup>
  <ItemGroup>
    <ClInclude Include="comptr.h" />
    <ClInclude Include="osversion.h" />
    <ClInclude Include="sort.h" />
    <ClInclude Include="stdafx.h" />
    <ClInclude Include="string.h" />
    <ClInclude Include="thread.h" />
    <ClInclude Include="algorithm.h" />
    <ClInclude Include="functional.h" />
    <ClInclude Include="pfc_interop.h" />
    <ClInclude Include="type_traits.h" />
    <ClInclude Include="utility.h" />
  </ItemGroup>
  <ItemGroup>
    <None Include="README.md" />
    <None Include="LICENCE" />
  </ItemGroup>
</Project>